{
  "nodes": {
    "linux": {
      "flake": false,
      "locked": {
        "lastModified": 1688597085,
        "narHash": "sha256-zh8bbKVGxjSV65dcpV2nCXysGl2C3KFnVbKzvI/7vZA=",
        "ref": "refs/heads/master",
        "rev": "6843306689aff3aea608e4d2630b2a5a0137f827",
        "revCount": 1199271,
        "type": "git",
        "url": "file:./linux"
      },
      "original": {
        "type": "git",
        "url": "file:./linux"
      }
    },
    "nixpkgs": {
      "locked": {
        "lastModified": 1673315479,
        "narHash": "sha256-GNCFRtDHjTygXGJp/H+f2XQPMGxpYSmNiibIqYzihtM=",
        "owner": "nixos",
        "repo": "nixpkgs",
        "rev": "c07552f6f7d4eead7806645ec03f7f1eb71ba6bd",
        "type": "github"
      },
      "original": {
        "owner": "nixos",
        "ref": "nixos-unstable",
        "repo": "nixpkgs",
        "type": "github"
      }
    },
    "root": {
      "inputs": {
        "linux": "linux",
        "nixpkgs": "nixpkgs"
      }
    }
  },
  "root": "root",
  "version": 7
}
